
Microsoft Visual Studio Solution File, Format Version 12.00
# Visual Studio 2013
VisualStudioVersion = 12.0.30722.0
MinimumVisualStudioVersion = 10.0.40219.1
Project("{FAE04EC0-301F-11D3-BF4B-00C04F79EFBC}") = "ErrorHighlighter", "ErrorHighlighter\ErrorHighlighter.csproj", "{7DF9D311-F64F-431E-BE02-427B17FFB749}"
EndProject
Global
	GlobalSection(SolutionConfigurationPlatforms) = preSolution
		CI|Any CPU = CI|Any CPU
		Debug|Any CPU = Debug|Any CPU
		Release|Any CPU = Release|Any CPU
	EndGlobalSection
	GlobalSection(ProjectConfigurationPlatforms) = postSolution
		{7DF9D311-F64F-431E-BE02-427B17FFB749}.CI|Any CPU.ActiveCfg = CI|Any CPU
		{7DF9D311-F64F-431E-BE02-427B17FFB749}.CI|Any CPU.Build.0 = CI|Any CPU
		{7DF9D311-F64F-431E-BE02-427B17FFB749}.Debug|Any CPU.ActiveCfg = Debug|Any CPU
		{7DF9D311-F64F-431E-BE02-427B17FFB749}.Debug|Any CPU.Build.0 = Debug|Any CPU
		{7DF9D311-F64F-431E-BE02-427B17FFB749}.Release|Any CPU.ActiveCfg = Release|Any CPU
		{7DF9D311-F64F-431E-BE02-427B17FFB749}.Release|Any CPU.Build.0 = Release|Any CPU
	EndGlobalSection
	GlobalSection(SolutionProperties) = preSolution
		HideSolutionNode = FALSE
	EndGlobalSection
EndGlobal
